
Microsoft Visual Studio Solution File, Format Version 12.00
# Visual Studio Version 17
VisualStudioVersion = 17.4.33213.308
MinimumVisualStudioVersion = 10.0.40219.1
Project("{FAE04EC0-301F-11D3-BF4B-00C04F79EFBC}") = "ANS_SHOP", "ANS_SHOP.csproj", "{752E12E4-12DD-4474-AD61-C81662D408E9}"
EndProject
Global
	GlobalSection(SolutionConfigurationPlatforms) = preSolution
		Debug|Any CPU = Debug|Any CPU
		Release|Any CPU = Release|Any CPU
	EndGlobalSection
	GlobalSection(ProjectConfigurationPlatforms) = postSolution
		{752E12E4-12DD-4474-AD61-C81662D408E9}.Debug|Any CPU.ActiveCfg = Debug|Any CPU
		{752E12E4-12DD-4474-AD61-C81662D408E9}.Debug|Any CPU.Build.0 = Debug|Any CPU
		{752E12E4-12DD-4474-AD61-C81662D408E9}.Release|Any CPU.ActiveCfg = Release|Any CPU
		{752E12E4-12DD-4474-AD61-C81662D408E9}.Release|Any CPU.Build.0 = Release|Any CPU
	EndGlobalSection
	GlobalSection(SolutionProperties) = preSolution
		HideSolutionNode = FALSE
	EndGlobalSection
	GlobalSection(ExtensibilityGlobals) = postSolution
		SolutionGuid = {492FB6BB-A5C5-4850-9579-9CABD3A1E284}
	EndGlobalSection
EndGlobal
